
Microsoft Visual Studio Solution File, Format Version 12.00
# Visual Studio Version 17
VisualStudioVersion = 17.0.31903.59
MinimumVisualStudioVersion = 10.0.40219.1
Project("{2150E333-8FDC-42A3-9474-1A3956D46DE8}") = "src", "src", "{6D76DB58-A0F0-4E1E-8335-232DBE7CA890}"
EndProject
Project("{2150E333-8FDC-42A3-9474-1A3956D46DE8}") = "BuildingBlocks", "BuildingBlocks", "{9ED154C6-C14E-4D15-850E-F3570AA45BD8}"
EndProject
Project("{FAE04EC0-301F-11D3-BF4B-00C04F79EFBC}") = "Nexus1.BuildingBlocks.Application", "src\BuildingBlocks\Nexus1.BuildingBlocks.Application\Nexus1.BuildingBlocks.Application.csproj", "{4605925E-2CD9-4CB0-AF47-63BB0A0685A6}"
EndProject
Project("{FAE04EC0-301F-11D3-BF4B-00C04F79EFBC}") = "Nexus1.BuildingBlocks.Domain", "src\BuildingBlocks\Nexus1.BuildingBlocks.Domain\Nexus1.BuildingBlocks.Domain.csproj", "{409A2BB7-A1FF-41FA-893B-DDB0AB018079}"
EndProject
Project("{FAE04EC0-301F-11D3-BF4B-00C04F79EFBC}") = "Nexus1.ServiceDefaults", "src\BuildingBlocks\Nexus1.ServiceDefaults\Nexus1.ServiceDefaults.csproj", "{5C9B32D8-ECF5-420A-B926-43D50BCF0758}"
EndProject
Project("{2150E333-8FDC-42A3-9474-1A3956D46DE8}") = "Contexts", "Contexts", "{981F0668-8CE2-4D0B-8A12-6A04D22318AC}"
EndProject
Project("{2150E333-8FDC-42A3-9474-1A3956D46DE8}") = "AlarmManagement", "AlarmManagement", "{77064075-E691-4F6E-9961-7F402BAD4CCF}"
EndProject
Project("{FAE04EC0-301F-11D3-BF4B-00C04F79EFBC}") = "Nexus1.AlarmManagement.Application", "src\Contexts\AlarmManagement\Nexus1.AlarmManagement.Application\Nexus1.AlarmManagement.Application.csproj", "{71181358-F9EE-414C-ABA5-E59F53F31E23}"
EndProject
Project("{FAE04EC0-301F-11D3-BF4B-00C04F79EFBC}") = "Nexus1.AlarmManagement.Domain", "src\Contexts\AlarmManagement\Nexus1.AlarmManagement.Domain\Nexus1.AlarmManagement.Domain.csproj", "{DC4148AE-B231-40E0-A0B0-A9269791D55E}"
EndProject
Project("{FAE04EC0-301F-11D3-BF4B-00C04F79EFBC}") = "Nexus1.AlarmManagement.Infrastructure", "src\Contexts\AlarmManagement\Nexus1.AlarmManagement.Infrastructure\Nexus1.AlarmManagement.Infrastructure.csproj", "{1F36252F-9CCE-4181-9545-7D8A70302556}"
EndProject
Project("{FAE04EC0-301F-11D3-BF4B-00C04F79EFBC}") = "Nexus1.Contracts.AlarmManagement", "src\Contexts\AlarmManagement\Nexus1.Contracts.AlarmManagement\Nexus1.Contracts.AlarmManagement.csproj", "{D104F7EE-FF81-4CD7-8807-571E1A8409B6}"
EndProject
Project("{2150E333-8FDC-42A3-9474-1A3956D46DE8}") = "ReactorFleet", "ReactorFleet", "{8678D007-7301-4C3B-A3C2-236ED3EB55C7}"
EndProject
Project("{FAE04EC0-301F-11D3-BF4B-00C04F79EFBC}") = "Nexus1.ReactorFleet.Application", "src\Contexts\ReactorFleet\Nexus1.ReactorFleet.Application\Nexus1.ReactorFleet.Application.csproj", "{8A916142-CED3-4B10-922A-A637807F956B}"
EndProject
Project("{FAE04EC0-301F-11D3-BF4B-00C04F79EFBC}") = "Nexus1.ReactorFleet.Domain", "src\Contexts\ReactorFleet\Nexus1.ReactorFleet.Domain\Nexus1.ReactorFleet.Domain.csproj", "{5D60FCA3-A3DA-48A0-8218-AE7734FD0797}"
EndProject
Project("{FAE04EC0-301F-11D3-BF4B-00C04F79EFBC}") = "Nexus1.ReactorFleet.Infrastructure", "src\Contexts\ReactorFleet\Nexus1.ReactorFleet.Infrastructure\Nexus1.ReactorFleet.Infrastructure.csproj", "{CF19775A-E034-4051-896D-7A5FC2F45E35}"
EndProject
Project("{2150E333-8FDC-42A3-9474-1A3956D46DE8}") = "RootCause", "RootCause", "{E796B634-599E-47B5-81C2-1F4444C8AB8A}"
EndProject
Project("{FAE04EC0-301F-11D3-BF4B-00C04F79EFBC}") = "Nexus1.Contracts.RootCause", "src\Contexts\RootCause\Nexus1.Contracts.RootCause\Nexus1.Contracts.RootCause.csproj", "{6A9A781C-4D99-4956-ADF5-D00BE89BE705}"
EndProject
Project("{FAE04EC0-301F-11D3-BF4B-00C04F79EFBC}") = "Nexus1.RootCause.Application", "src\Contexts\RootCause\Nexus1.RootCause.Application\Nexus1.RootCause.Application.csproj", "{E19E8D0F-9DC2-40C8-8C1F-3EF828AC0E68}"
EndProject
Project("{FAE04EC0-301F-11D3-BF4B-00C04F79EFBC}") = "Nexus1.RootCause.Domain", "src\Contexts\RootCause\Nexus1.RootCause.Domain\Nexus1.RootCause.Domain.csproj", "{4F0B00FF-C2D5-4D9E-9EBC-1990C08D911A}"
EndProject
Project("{FAE04EC0-301F-11D3-BF4B-00C04F79EFBC}") = "Nexus1.RootCause.Infrastructure", "src\Contexts\RootCause\Nexus1.RootCause.Infrastructure\Nexus1.RootCause.Infrastructure.csproj", "{550F2C27-0DA9-4E2D-96E4-107B4BE7FDF2}"
EndProject
Project("{2150E333-8FDC-42A3-9474-1A3956D46DE8}") = "Hosts", "Hosts", "{E1EBE638-28DB-4614-8CE8-762D2D5586EA}"
EndProject
Project("{FAE04EC0-301F-11D3-BF4B-00C04F79EFBC}") = "Nexus1.ModularRuntime", "src\Hosts\Nexus1.ModularRuntime\Nexus1.ModularRuntime.csproj", "{2F650B47-2501-45DD-B7D0-7404FBBF7AB7}"
EndProject
Project("{FAE04EC0-301F-11D3-BF4B-00C04F79EFBC}") = "Nexus1.RootCause.Host", "src\Hosts\Nexus1.RootCause.Host\Nexus1.RootCause.Host.csproj", "{0FA1184A-55A3-4EE7-977E-876AC2106669}"
EndProject
Project("{2150E333-8FDC-42A3-9474-1A3956D46DE8}") = "tests", "tests", "{DFD64979-71D4-46B5-BF62-217FA110CF39}"
EndProject
Project("{FAE04EC0-301F-11D3-BF4B-00C04F79EFBC}") = "Nexus1.AlarmManagement.UnitTests", "tests\Nexus1.AlarmManagement.UnitTests\Nexus1.AlarmManagement.UnitTests.csproj", "{68D82144-7BD6-49F8-B747-E815C3CD3D8F}"
EndProject
Project("{FAE04EC0-301F-11D3-BF4B-00C04F79EFBC}") = "Nexus1.ArchitectureTests", "tests\Nexus1.ArchitectureTests\Nexus1.ArchitectureTests.csproj", "{9894367D-4020-423E-99A2-74569575016E}"
EndProject
Project("{FAE04EC0-301F-11D3-BF4B-00C04F79EFBC}") = "Nexus1.Contracts.ContractTests", "tests\Nexus1.Contracts.ContractTests\Nexus1.Contracts.ContractTests.csproj", "{67AD5D32-01F2-4485-929B-1F878C484CCE}"
EndProject
Project("{FAE04EC0-301F-11D3-BF4B-00C04F79EFBC}") = "Nexus1.DistributedSlice.EndToEndTests", "tests\Nexus1.DistributedSlice.EndToEndTests\Nexus1.DistributedSlice.EndToEndTests.csproj", "{B38EFF8F-E857-4409-B4ED-A63944943013}"
EndProject
Project("{FAE04EC0-301F-11D3-BF4B-00C04F79EFBC}") = "Nexus1.ReactorFleet.UnitTests", "tests\Nexus1.ReactorFleet.UnitTests\Nexus1.ReactorFleet.UnitTests.csproj", "{BC99BAC5-6453-4C89-8825-13CEE0B9167D}"
EndProject
Project("{FAE04EC0-301F-11D3-BF4B-00C04F79EFBC}") = "Nexus1.RootCause.ComponentTests", "tests\Nexus1.RootCause.ComponentTests\Nexus1.RootCause.ComponentTests.csproj", "{5AE8E4C2-158F-4A33-BEFB-C05A8E3435D7}"
EndProject
Project("{FAE04EC0-301F-11D3-BF4B-00C04F79EFBC}") = "Nexus1.RootCause.UnitTests", "tests\Nexus1.RootCause.UnitTests\Nexus1.RootCause.UnitTests.csproj", "{574F9D1D-1B48-4DD0-A910-855E84DDCE35}"
EndProject
Project("{FAE04EC0-301F-11D3-BF4B-00C04F79EFBC}") = "Nexus1.Contracts.ReactorFleet", "src\Contexts\ReactorFleet\Nexus1.Contracts.ReactorFleet\Nexus1.Contracts.ReactorFleet.csproj", "{60C955FC-0E99-4A0C-9B72-32AB61580621}"
EndProject
Project("{FAE04EC0-301F-11D3-BF4B-00C04F79EFBC}") = "Nexus1.ReactorFleet.ComponentTests", "tests\Nexus1.ReactorFleet.ComponentTests\Nexus1.ReactorFleet.ComponentTests.csproj", "{5CBD5AD2-B813-4E23-B7B0-17134171FE54}"
EndProject
Project("{FAE04EC0-301F-11D3-BF4B-00C04F79EFBC}") = "Nexus1.AlarmManagement.ComponentTests", "tests\Nexus1.AlarmManagement.ComponentTests\Nexus1.AlarmManagement.ComponentTests.csproj", "{BD5BE22C-6D89-402F-B79B-3B9AB8DC74C9}"
EndProject
Project("{FAE04EC0-301F-11D3-BF4B-00C04F79EFBC}") = "Nexus1.BuildingBlocks.Messaging", "src\BuildingBlocks\Nexus1.BuildingBlocks.Messaging\Nexus1.BuildingBlocks.Messaging.csproj", "{2B79B509-9398-4AF4-9A25-FD52FE6ABBD2}"
EndProject
Project("{2150E333-8FDC-42A3-9474-1A3956D46DE8}") = "Audit", "Audit", "{31A7F46E-D479-430E-A69A-E9ECDE483DC2}"
EndProject
Project("{FAE04EC0-301F-11D3-BF4B-00C04F79EFBC}") = "Nexus1.Audit.Domain", "src\Contexts\Audit\Nexus1.Audit.Domain\Nexus1.Audit.Domain.csproj", "{CB1D835A-4FFA-49B1-82C4-052777BB04A3}"
EndProject
Project("{FAE04EC0-301F-11D3-BF4B-00C04F79EFBC}") = "Nexus1.Audit.UnitTests", "tests\Nexus1.Audit.UnitTests\Nexus1.Audit.UnitTests.csproj", "{1B608D15-069B-4C35-8847-516B51362DE3}"
EndProject
Project("{FAE04EC0-301F-11D3-BF4B-00C04F79EFBC}") = "Nexus1.Audit.Infrastructure", "src\Contexts\Audit\Nexus1.Audit.Infrastructure\Nexus1.Audit.Infrastructure.csproj", "{9B8A27C9-6506-49EF-AAEE-C0C5BC99CD3E}"
EndProject
Project("{FAE04EC0-301F-11D3-BF4B-00C04F79EFBC}") = "Nexus1.Audit.ComponentTests", "tests\Nexus1.Audit.ComponentTests\Nexus1.Audit.ComponentTests.csproj", "{AD4E8C25-C269-4CDC-A482-6933B0FDA254}"
EndProject
Project("{2150E333-8FDC-42A3-9474-1A3956D46DE8}") = "Compliance", "Compliance", "{D0D5500F-7CAB-4C21-91C6-2AB1547B2A26}"
EndProject
Project("{FAE04EC0-301F-11D3-BF4B-00C04F79EFBC}") = "Nexus1.Compliance.Domain", "src\Contexts\Compliance\Nexus1.Compliance.Domain\Nexus1.Compliance.Domain.csproj", "{906C6D68-31CD-4316-81E3-05E61D6681FC}"
EndProject
Project("{FAE04EC0-301F-11D3-BF4B-00C04F79EFBC}") = "Nexus1.Compliance.UnitTests", "tests\Nexus1.Compliance.UnitTests\Nexus1.Compliance.UnitTests.csproj", "{8972B215-BCE6-4F54-93C4-B481B483638D}"
EndProject
Project("{FAE04EC0-301F-11D3-BF4B-00C04F79EFBC}") = "Nexus1.Compliance.Infrastructure", "src\Contexts\Compliance\Nexus1.Compliance.Infrastructure\Nexus1.Compliance.Infrastructure.csproj", "{96AAD743-5513-496B-85B7-AF8C891AFDCF}"
EndProject
Project("{FAE04EC0-301F-11D3-BF4B-00C04F79EFBC}") = "Nexus1.Compliance.ComponentTests", "tests\Nexus1.Compliance.ComponentTests\Nexus1.Compliance.ComponentTests.csproj", "{62E9BEED-16C7-4817-A315-CF2B7921A61E}"
EndProject
Project("{2150E333-8FDC-42A3-9474-1A3956D46DE8}") = "Reporting", "Reporting", "{587695F8-2F89-4012-BFCA-3E175C9109D3}"
EndProject
Project("{FAE04EC0-301F-11D3-BF4B-00C04F79EFBC}") = "Nexus1.Reporting.Domain", "src\Contexts\Reporting\Nexus1.Reporting.Domain\Nexus1.Reporting.Domain.csproj", "{FC00F9FA-13F7-47D1-B432-40707B493A99}"
EndProject
Project("{FAE04EC0-301F-11D3-BF4B-00C04F79EFBC}") = "Nexus1.Reporting.UnitTests", "tests\Nexus1.Reporting.UnitTests\Nexus1.Reporting.UnitTests.csproj", "{143DA713-FA79-4A62-A8AA-A22F109B7E5F}"
EndProject
Project("{FAE04EC0-301F-11D3-BF4B-00C04F79EFBC}") = "Nexus1.Reporting.Infrastructure", "src\Contexts\Reporting\Nexus1.Reporting.Infrastructure\Nexus1.Reporting.Infrastructure.csproj", "{6C05375B-C319-4C00-9607-50BF071CC9A8}"
EndProject
Project("{FAE04EC0-301F-11D3-BF4B-00C04F79EFBC}") = "Nexus1.Reporting.ComponentTests", "tests\Nexus1.Reporting.ComponentTests\Nexus1.Reporting.ComponentTests.csproj", "{D0556F97-924E-40DA-89CD-969E2A69C2CE}"
EndProject
Project("{FAE04EC0-301F-11D3-BF4B-00C04F79EFBC}") = "Nexus1.BuildingBlocks.Observability", "src\BuildingBlocks\Nexus1.BuildingBlocks.Observability\Nexus1.BuildingBlocks.Observability.csproj", "{62DE8E8B-5335-4646-B281-3B25EFABE2B8}"
EndProject
Project("{FAE04EC0-301F-11D3-BF4B-00C04F79EFBC}") = "Nexus1.BuildingBlocks.Observability.UnitTests", "tests\Nexus1.BuildingBlocks.Observability.UnitTests\Nexus1.BuildingBlocks.Observability.UnitTests.csproj", "{70FF3D50-8FC8-43F9-AA55-9E22BAF6DEC1}"
EndProject
Project("{2150E333-8FDC-42A3-9474-1A3956D46DE8}") = "Contexts", "Contexts", "{DD50C71F-D4D1-44BB-921E-2EB1F4E6252A}"
EndProject
Project("{2150E333-8FDC-42A3-9474-1A3956D46DE8}") = "CorePlatform", "CorePlatform", "{9F5153EB-867C-42EC-B99B-D5D42188ED27}"
EndProject
Project("{FAE04EC0-301F-11D3-BF4B-00C04F79EFBC}") = "Nexus1.CorePlatform.Domain", "src\Contexts\CorePlatform\Nexus1.CorePlatform.Domain\Nexus1.CorePlatform.Domain.csproj", "{CD8363BA-2A31-41E0-8262-B1EEE0C9DB86}"
EndProject
Project("{FAE04EC0-301F-11D3-BF4B-00C04F79EFBC}") = "Nexus1.CorePlatform.UnitTests", "tests\Nexus1.CorePlatform.UnitTests\Nexus1.CorePlatform.UnitTests.csproj", "{82E77F60-7C86-4468-9BC3-FE3CDC74087E}"
EndProject
Project("{FAE04EC0-301F-11D3-BF4B-00C04F79EFBC}") = "Nexus1.CorePlatform.Application", "src\Contexts\CorePlatform\Nexus1.CorePlatform.Application\Nexus1.CorePlatform.Application.csproj", "{B26FFC81-BCCF-4532-93F2-EC9A16507462}"
EndProject
Project("{FAE04EC0-301F-11D3-BF4B-00C04F79EFBC}") = "Nexus1.CorePlatform.Infrastructure", "src\Contexts\CorePlatform\Nexus1.CorePlatform.Infrastructure\Nexus1.CorePlatform.Infrastructure.csproj", "{5B3BB2E1-56C1-4CA4-B2DC-F818E478FF8C}"
EndProject
Project("{FAE04EC0-301F-11D3-BF4B-00C04F79EFBC}") = "Nexus1.CorePlatform.ComponentTests", "tests\Nexus1.CorePlatform.ComponentTests\Nexus1.CorePlatform.ComponentTests.csproj", "{C411AD7F-54B7-4BF1-A327-ACAFAD693F6A}"
EndProject
Project("{2150E333-8FDC-42A3-9474-1A3956D46DE8}") = "Security", "Security", "{CC9DEF4C-A1C9-40B7-BB3D-33FD9286C514}"
EndProject
Project("{FAE04EC0-301F-11D3-BF4B-00C04F79EFBC}") = "Nexus1.Security.Domain", "src\Contexts\Security\Nexus1.Security.Domain\Nexus1.Security.Domain.csproj", "{BB1CDEDF-FB1B-4B56-8D32-E5207722F643}"
EndProject
Project("{FAE04EC0-301F-11D3-BF4B-00C04F79EFBC}") = "Nexus1.Security.UnitTests", "tests\Nexus1.Security.UnitTests\Nexus1.Security.UnitTests.csproj", "{FC99E03D-7DAB-4409-9A15-7D3618D8BAD9}"
EndProject
Project("{FAE04EC0-301F-11D3-BF4B-00C04F79EFBC}") = "Nexus1.Security.Application", "src\Contexts\Security\Nexus1.Security.Application\Nexus1.Security.Application.csproj", "{8A5EB88F-28A2-4B7F-B2CF-46F1531E15F7}"
EndProject
Project("{FAE04EC0-301F-11D3-BF4B-00C04F79EFBC}") = "Nexus1.Security.Infrastructure", "src\Contexts\Security\Nexus1.Security.Infrastructure\Nexus1.Security.Infrastructure.csproj", "{C1EB6E1A-3803-4ED7-9BB6-766FBF037210}"
EndProject
Project("{FAE04EC0-301F-11D3-BF4B-00C04F79EFBC}") = "Nexus1.Security.ComponentTests", "tests\Nexus1.Security.ComponentTests\Nexus1.Security.ComponentTests.csproj", "{298BEEC5-70D0-423B-9308-FA453F0950BB}"
EndProject
Global
	GlobalSection(SolutionConfigurationPlatforms) = preSolution
		Debug|Any CPU = Debug|Any CPU
		Release|Any CPU = Release|Any CPU
	EndGlobalSection
	GlobalSection(SolutionProperties) = preSolution
		HideSolutionNode = FALSE
	EndGlobalSection
	GlobalSection(ProjectConfigurationPlatforms) = postSolution
		{4605925E-2CD9-4CB0-AF47-63BB0A0685A6}.Debug|Any CPU.ActiveCfg = Debug|Any CPU
		{4605925E-2CD9-4CB0-AF47-63BB0A0685A6}.Debug|Any CPU.Build.0 = Debug|Any CPU
		{4605925E-2CD9-4CB0-AF47-63BB0A0685A6}.Release|Any CPU.ActiveCfg = Release|Any CPU
		{4605925E-2CD9-4CB0-AF47-63BB0A0685A6}.Release|Any CPU.Build.0 = Release|Any CPU
		{409A2BB7-A1FF-41FA-893B-DDB0AB018079}.Debug|Any CPU.ActiveCfg = Debug|Any CPU
		{409A2BB7-A1FF-41FA-893B-DDB0AB018079}.Debug|Any CPU.Build.0 = Debug|Any CPU
		{409A2BB7-A1FF-41FA-893B-DDB0AB018079}.Release|Any CPU.ActiveCfg = Release|Any CPU
		{409A2BB7-A1FF-41FA-893B-DDB0AB018079}.Release|Any CPU.Build.0 = Release|Any CPU
		{5C9B32D8-ECF5-420A-B926-43D50BCF0758}.Debug|Any CPU.ActiveCfg = Debug|Any CPU
		{5C9B32D8-ECF5-420A-B926-43D50BCF0758}.Debug|Any CPU.Build.0 = Debug|Any CPU
		{5C9B32D8-ECF5-420A-B926-43D50BCF0758}.Release|Any CPU.ActiveCfg = Release|Any CPU
		{5C9B32D8-ECF5-420A-B926-43D50BCF0758}.Release|Any CPU.Build.0 = Release|Any CPU
		{71181358-F9EE-414C-ABA5-E59F53F31E23}.Debug|Any CPU.ActiveCfg = Debug|Any CPU
		{71181358-F9EE-414C-ABA5-E59F53F31E23}.Debug|Any CPU.Build.0 = Debug|Any CPU
		{71181358-F9EE-414C-ABA5-E59F53F31E23}.Release|Any CPU.ActiveCfg = Release|Any CPU
		{71181358-F9EE-414C-ABA5-E59F53F31E23}.Release|Any CPU.Build.0 = Release|Any CPU
		{DC4148AE-B231-40E0-A0B0-A9269791D55E}.Debug|Any CPU.ActiveCfg = Debug|Any CPU
		{DC4148AE-B231-40E0-A0B0-A9269791D55E}.Debug|Any CPU.Build.0 = Debug|Any CPU
		{DC4148AE-B231-40E0-A0B0-A9269791D55E}.Release|Any CPU.ActiveCfg = Release|Any CPU
		{DC4148AE-B231-40E0-A0B0-A9269791D55E}.Release|Any CPU.Build.0 = Release|Any CPU
		{1F36252F-9CCE-4181-9545-7D8A70302556}.Debug|Any CPU.ActiveCfg = Debug|Any CPU
		{1F36252F-9CCE-4181-9545-7D8A70302556}.Debug|Any CPU.Build.0 = Debug|Any CPU
		{1F36252F-9CCE-4181-9545-7D8A70302556}.Release|Any CPU.ActiveCfg = Release|Any CPU
		{1F36252F-9CCE-4181-9545-7D8A70302556}.Release|Any CPU.Build.0 = Release|Any CPU
		{D104F7EE-FF81-4CD7-8807-571E1A8409B6}.Debug|Any CPU.ActiveCfg = Debug|Any CPU
		{D104F7EE-FF81-4CD7-8807-571E1A8409B6}.Debug|Any CPU.Build.0 = Debug|Any CPU
		{D104F7EE-FF81-4CD7-8807-571E1A8409B6}.Release|Any CPU.ActiveCfg = Release|Any CPU
		{D104F7EE-FF81-4CD7-8807-571E1A8409B6}.Release|Any CPU.Build.0 = Release|Any CPU
		{8A916142-CED3-4B10-922A-A637807F956B}.Debug|Any CPU.ActiveCfg = Debug|Any CPU
		{8A916142-CED3-4B10-922A-A637807F956B}.Debug|Any CPU.Build.0 = Debug|Any CPU
		{8A916142-CED3-4B10-922A-A637807F956B}.Release|Any CPU.ActiveCfg = Release|Any CPU
		{8A916142-CED3-4B10-922A-A637807F956B}.Release|Any CPU.Build.0 = Release|Any CPU
		{5D60FCA3-A3DA-48A0-8218-AE7734FD0797}.Debug|Any CPU.ActiveCfg = Debug|Any CPU
		{5D60FCA3-A3DA-48A0-8218-AE7734FD0797}.Debug|Any CPU.Build.0 = Debug|Any CPU
		{5D60FCA3-A3DA-48A0-8218-AE7734FD0797}.Release|Any CPU.ActiveCfg = Release|Any CPU
		{5D60FCA3-A3DA-48A0-8218-AE7734FD0797}.Release|Any CPU.Build.0 = Release|Any CPU
		{CF19775A-E034-4051-896D-7A5FC2F45E35}.Debug|Any CPU.ActiveCfg = Debug|Any CPU
		{CF19775A-E034-4051-896D-7A5FC2F45E35}.Debug|Any CPU.Build.0 = Debug|Any CPU
		{CF19775A-E034-4051-896D-7A5FC2F45E35}.Release|Any CPU.ActiveCfg = Release|Any CPU
		{CF19775A-E034-4051-896D-7A5FC2F45E35}.Release|Any CPU.Build.0 = Release|Any CPU
		{6A9A781C-4D99-4956-ADF5-D00BE89BE705}.Debug|Any CPU.ActiveCfg = Debug|Any CPU
		{6A9A781C-4D99-4956-ADF5-D00BE89BE705}.Debug|Any CPU.Build.0 = Debug|Any CPU
		{6A9A781C-4D99-4956-ADF5-D00BE89BE705}.Release|Any CPU.ActiveCfg = Release|Any CPU
		{6A9A781C-4D99-4956-ADF5-D00BE89BE705}.Release|Any CPU.Build.0 = Release|Any CPU
		{E19E8D0F-9DC2-40C8-8C1F-3EF828AC0E68}.Debug|Any CPU.ActiveCfg = Debug|Any CPU
		{E19E8D0F-9DC2-40C8-8C1F-3EF828AC0E68}.Debug|Any CPU.Build.0 = Debug|Any CPU
		{E19E8D0F-9DC2-40C8-8C1F-3EF828AC0E68}.Release|Any CPU.ActiveCfg = Release|Any CPU
		{E19E8D0F-9DC2-40C8-8C1F-3EF828AC0E68}.Release|Any CPU.Build.0 = Release|Any CPU
		{4F0B00FF-C2D5-4D9E-9EBC-1990C08D911A}.Debug|Any CPU.ActiveCfg = Debug|Any CPU
		{4F0B00FF-C2D5-4D9E-9EBC-1990C08D911A}.Debug|Any CPU.Build.0 = Debug|Any CPU
		{4F0B00FF-C2D5-4D9E-9EBC-1990C08D911A}.Release|Any CPU.ActiveCfg = Release|Any CPU
		{4F0B00FF-C2D5-4D9E-9EBC-1990C08D911A}.Release|Any CPU.Build.0 = Release|Any CPU
		{550F2C27-0DA9-4E2D-96E4-107B4BE7FDF2}.Debug|Any CPU.ActiveCfg = Debug|Any CPU
		{550F2C27-0DA9-4E2D-96E4-107B4BE7FDF2}.Debug|Any CPU.Build.0 = Debug|Any CPU
		{550F2C27-0DA9-4E2D-96E4-107B4BE7FDF2}.Release|Any CPU.ActiveCfg = Release|Any CPU
		{550F2C27-0DA9-4E2D-96E4-107B4BE7FDF2}.Release|Any CPU.Build.0 = Release|Any CPU
		{2F650B47-2501-45DD-B7D0-7404FBBF7AB7}.Debug|Any CPU.ActiveCfg = Debug|Any CPU
		{2F650B47-2501-45DD-B7D0-7404FBBF7AB7}.Debug|Any CPU.Build.0 = Debug|Any CPU
		{2F650B47-2501-45DD-B7D0-7404FBBF7AB7}.Release|Any CPU.ActiveCfg = Release|Any CPU
		{2F650B47-2501-45DD-B7D0-7404FBBF7AB7}.Release|Any CPU.Build.0 = Release|Any CPU
		{0FA1184A-55A3-4EE7-977E-876AC2106669}.Debug|Any CPU.ActiveCfg = Debug|Any CPU
		{0FA1184A-55A3-4EE7-977E-876AC2106669}.Debug|Any CPU.Build.0 = Debug|Any CPU
		{0FA1184A-55A3-4EE7-977E-876AC2106669}.Release|Any CPU.ActiveCfg = Release|Any CPU
		{0FA1184A-55A3-4EE7-977E-876AC2106669}.Release|Any CPU.Build.0 = Release|Any CPU
		{68D82144-7BD6-49F8-B747-E815C3CD3D8F}.Debug|Any CPU.ActiveCfg = Debug|Any CPU
		{68D82144-7BD6-49F8-B747-E815C3CD3D8F}.Debug|Any CPU.Build.0 = Debug|Any CPU
		{68D82144-7BD6-49F8-B747-E815C3CD3D8F}.Release|Any CPU.ActiveCfg = Release|Any CPU
		{68D82144-7BD6-49F8-B747-E815C3CD3D8F}.Release|Any CPU.Build.0 = Release|Any CPU
		{9894367D-4020-423E-99A2-74569575016E}.Debug|Any CPU.ActiveCfg = Debug|Any CPU
		{9894367D-4020-423E-99A2-74569575016E}.Debug|Any CPU.Build.0 = Debug|Any CPU
		{9894367D-4020-423E-99A2-74569575016E}.Release|Any CPU.ActiveCfg = Release|Any CPU
		{9894367D-4020-423E-99A2-74569575016E}.Release|Any CPU.Build.0 = Release|Any CPU
		{67AD5D32-01F2-4485-929B-1F878C484CCE}.Debug|Any CPU.ActiveCfg = Debug|Any CPU
		{67AD5D32-01F2-4485-929B-1F878C484CCE}.Debug|Any CPU.Build.0 = Debug|Any CPU
		{67AD5D32-01F2-4485-929B-1F878C484CCE}.Release|Any CPU.ActiveCfg = Release|Any CPU
		{67AD5D32-01F2-4485-929B-1F878C484CCE}.Release|Any CPU.Build.0 = Release|Any CPU
		{B38EFF8F-E857-4409-B4ED-A63944943013}.Debug|Any CPU.ActiveCfg = Debug|Any CPU
		{B38EFF8F-E857-4409-B4ED-A63944943013}.Debug|Any CPU.Build.0 = Debug|Any CPU
		{B38EFF8F-E857-4409-B4ED-A63944943013}.Release|Any CPU.ActiveCfg = Release|Any CPU
		{B38EFF8F-E857-4409-B4ED-A63944943013}.Release|Any CPU.Build.0 = Release|Any CPU
		{BC99BAC5-6453-4C89-8825-13CEE0B9167D}.Debug|Any CPU.ActiveCfg = Debug|Any CPU
		{BC99BAC5-6453-4C89-8825-13CEE0B9167D}.Debug|Any CPU.Build.0 = Debug|Any CPU
		{BC99BAC5-6453-4C89-8825-13CEE0B9167D}.Release|Any CPU.ActiveCfg = Release|Any CPU
		{BC99BAC5-6453-4C89-8825-13CEE0B9167D}.Release|Any CPU.Build.0 = Release|Any CPU
		{5AE8E4C2-158F-4A33-BEFB-C05A8E3435D7}.Debug|Any CPU.ActiveCfg = Debug|Any CPU
		{5AE8E4C2-158F-4A33-BEFB-C05A8E3435D7}.Debug|Any CPU.Build.0 = Debug|Any CPU
		{5AE8E4C2-158F-4A33-BEFB-C05A8E3435D7}.Release|Any CPU.ActiveCfg = Release|Any CPU
		{5AE8E4C2-158F-4A33-BEFB-C05A8E3435D7}.Release|Any CPU.Build.0 = Release|Any CPU
		{574F9D1D-1B48-4DD0-A910-855E84DDCE35}.Debug|Any CPU.ActiveCfg = Debug|Any CPU
		{574F9D1D-1B48-4DD0-A910-855E84DDCE35}.Debug|Any CPU.Build.0 = Debug|Any CPU
		{574F9D1D-1B48-4DD0-A910-855E84DDCE35}.Release|Any CPU.ActiveCfg = Release|Any CPU
		{574F9D1D-1B48-4DD0-A910-855E84DDCE35}.Release|Any CPU.Build.0 = Release|Any CPU
		{60C955FC-0E99-4A0C-9B72-32AB61580621}.Debug|Any CPU.ActiveCfg = Debug|Any CPU
		{60C955FC-0E99-4A0C-9B72-32AB61580621}.Debug|Any CPU.Build.0 = Debug|Any CPU
		{60C955FC-0E99-4A0C-9B72-32AB61580621}.Release|Any CPU.ActiveCfg = Release|Any CPU
		{60C955FC-0E99-4A0C-9B72-32AB61580621}.Release|Any CPU.Build.0 = Release|Any CPU
		{5CBD5AD2-B813-4E23-B7B0-17134171FE54}.Debug|Any CPU.ActiveCfg = Debug|Any CPU
		{5CBD5AD2-B813-4E23-B7B0-17134171FE54}.Debug|Any CPU.Build.0 = Debug|Any CPU
		{5CBD5AD2-B813-4E23-B7B0-17134171FE54}.Release|Any CPU.ActiveCfg = Release|Any CPU
		{5CBD5AD2-B813-4E23-B7B0-17134171FE54}.Release|Any CPU.Build.0 = Release|Any CPU
		{BD5BE22C-6D89-402F-B79B-3B9AB8DC74C9}.Debug|Any CPU.ActiveCfg = Debug|Any CPU
		{BD5BE22C-6D89-402F-B79B-3B9AB8DC74C9}.Debug|Any CPU.Build.0 = Debug|Any CPU
		{BD5BE22C-6D89-402F-B79B-3B9AB8DC74C9}.Release|Any CPU.ActiveCfg = Release|Any CPU
		{BD5BE22C-6D89-402F-B79B-3B9AB8DC74C9}.Release|Any CPU.Build.0 = Release|Any CPU
		{2B79B509-9398-4AF4-9A25-FD52FE6ABBD2}.Debug|Any CPU.ActiveCfg = Debug|Any CPU
		{2B79B509-9398-4AF4-9A25-FD52FE6ABBD2}.Debug|Any CPU.Build.0 = Debug|Any CPU
		{2B79B509-9398-4AF4-9A25-FD52FE6ABBD2}.Release|Any CPU.ActiveCfg = Release|Any CPU
		{2B79B509-9398-4AF4-9A25-FD52FE6ABBD2}.Release|Any CPU.Build.0 = Release|Any CPU
		{CB1D835A-4FFA-49B1-82C4-052777BB04A3}.Debug|Any CPU.ActiveCfg = Debug|Any CPU
		{CB1D835A-4FFA-49B1-82C4-052777BB04A3}.Debug|Any CPU.Build.0 = Debug|Any CPU
		{CB1D835A-4FFA-49B1-82C4-052777BB04A3}.Release|Any CPU.ActiveCfg = Release|Any CPU
		{CB1D835A-4FFA-49B1-82C4-052777BB04A3}.Release|Any CPU.Build.0 = Release|Any CPU
		{1B608D15-069B-4C35-8847-516B51362DE3}.Debug|Any CPU.ActiveCfg = Debug|Any CPU
		{1B608D15-069B-4C35-8847-516B51362DE3}.Debug|Any CPU.Build.0 = Debug|Any CPU
		{1B608D15-069B-4C35-8847-516B51362DE3}.Release|Any CPU.ActiveCfg = Release|Any CPU
		{1B608D15-069B-4C35-8847-516B51362DE3}.Release|Any CPU.Build.0 = Release|Any CPU
		{9B8A27C9-6506-49EF-AAEE-C0C5BC99CD3E}.Debug|Any CPU.ActiveCfg = Debug|Any CPU
		{9B8A27C9-6506-49EF-AAEE-C0C5BC99CD3E}.Debug|Any CPU.Build.0 = Debug|Any CPU
		{9B8A27C9-6506-49EF-AAEE-C0C5BC99CD3E}.Release|Any CPU.ActiveCfg = Release|Any CPU
		{9B8A27C9-6506-49EF-AAEE-C0C5BC99CD3E}.Release|Any CPU.Build.0 = Release|Any CPU
		{AD4E8C25-C269-4CDC-A482-6933B0FDA254}.Debug|Any CPU.ActiveCfg = Debug|Any CPU
		{AD4E8C25-C269-4CDC-A482-6933B0FDA254}.Debug|Any CPU.Build.0 = Debug|Any CPU
		{AD4E8C25-C269-4CDC-A482-6933B0FDA254}.Release|Any CPU.ActiveCfg = Release|Any CPU
		{AD4E8C25-C269-4CDC-A482-6933B0FDA254}.Release|Any CPU.Build.0 = Release|Any CPU
		{906C6D68-31CD-4316-81E3-05E61D6681FC}.Debug|Any CPU.ActiveCfg = Debug|Any CPU
		{906C6D68-31CD-4316-81E3-05E61D6681FC}.Debug|Any CPU.Build.0 = Debug|Any CPU
		{906C6D68-31CD-4316-81E3-05E61D6681FC}.Release|Any CPU.ActiveCfg = Release|Any CPU
		{906C6D68-31CD-4316-81E3-05E61D6681FC}.Release|Any CPU.Build.0 = Release|Any CPU
		{8972B215-BCE6-4F54-93C4-B481B483638D}.Debug|Any CPU.ActiveCfg = Debug|Any CPU
		{8972B215-BCE6-4F54-93C4-B481B483638D}.Debug|Any CPU.Build.0 = Debug|Any CPU
		{8972B215-BCE6-4F54-93C4-B481B483638D}.Release|Any CPU.ActiveCfg = Release|Any CPU
		{8972B215-BCE6-4F54-93C4-B481B483638D}.Release|Any CPU.Build.0 = Release|Any CPU
		{96AAD743-5513-496B-85B7-AF8C891AFDCF}.Debug|Any CPU.ActiveCfg = Debug|Any CPU
		{96AAD743-5513-496B-85B7-AF8C891AFDCF}.Debug|Any CPU.Build.0 = Debug|Any CPU
		{96AAD743-5513-496B-85B7-AF8C891AFDCF}.Release|Any CPU.ActiveCfg = Release|Any CPU
		{96AAD743-5513-496B-85B7-AF8C891AFDCF}.Release|Any CPU.Build.0 = Release|Any CPU
		{62E9BEED-16C7-4817-A315-CF2B7921A61E}.Debug|Any CPU.ActiveCfg = Debug|Any CPU
		{62E9BEED-16C7-4817-A315-CF2B7921A61E}.Debug|Any CPU.Build.0 = Debug|Any CPU
		{62E9BEED-16C7-4817-A315-CF2B7921A61E}.Release|Any CPU.ActiveCfg = Release|Any CPU
		{62E9BEED-16C7-4817-A315-CF2B7921A61E}.Release|Any CPU.Build.0 = Release|Any CPU
		{FC00F9FA-13F7-47D1-B432-40707B493A99}.Debug|Any CPU.ActiveCfg = Debug|Any CPU
		{FC00F9FA-13F7-47D1-B432-40707B493A99}.Debug|Any CPU.Build.0 = Debug|Any CPU
		{FC00F9FA-13F7-47D1-B432-40707B493A99}.Release|Any CPU.ActiveCfg = Release|Any CPU
		{FC00F9FA-13F7-47D1-B432-40707B493A99}.Release|Any CPU.Build.0 = Release|Any CPU
		{143DA713-FA79-4A62-A8AA-A22F109B7E5F}.Debug|Any CPU.ActiveCfg = Debug|Any CPU
		{143DA713-FA79-4A62-A8AA-A22F109B7E5F}.Debug|Any CPU.Build.0 = Debug|Any CPU
		{143DA713-FA79-4A62-A8AA-A22F109B7E5F}.Release|Any CPU.ActiveCfg = Release|Any CPU
		{143DA713-FA79-4A62-A8AA-A22F109B7E5F}.Release|Any CPU.Build.0 = Release|Any CPU
		{6C05375B-C319-4C00-9607-50BF071CC9A8}.Debug|Any CPU.ActiveCfg = Debug|Any CPU
		{6C05375B-C319-4C00-9607-50BF071CC9A8}.Debug|Any CPU.Build.0 = Debug|Any CPU
		{6C05375B-C319-4C00-9607-50BF071CC9A8}.Release|Any CPU.ActiveCfg = Release|Any CPU
		{6C05375B-C319-4C00-9607-50BF071CC9A8}.Release|Any CPU.Build.0 = Release|Any CPU
		{D0556F97-924E-40DA-89CD-969E2A69C2CE}.Debug|Any CPU.ActiveCfg = Debug|Any CPU
		{D0556F97-924E-40DA-89CD-969E2A69C2CE}.Debug|Any CPU.Build.0 = Debug|Any CPU
		{D0556F97-924E-40DA-89CD-969E2A69C2CE}.Release|Any CPU.ActiveCfg = Release|Any CPU
		{D0556F97-924E-40DA-89CD-969E2A69C2CE}.Release|Any CPU.Build.0 = Release|Any CPU
		{62DE8E8B-5335-4646-B281-3B25EFABE2B8}.Debug|Any CPU.ActiveCfg = Debug|Any CPU
		{62DE8E8B-5335-4646-B281-3B25EFABE2B8}.Debug|Any CPU.Build.0 = Debug|Any CPU
		{62DE8E8B-5335-4646-B281-3B25EFABE2B8}.Release|Any CPU.ActiveCfg = Release|Any CPU
		{62DE8E8B-5335-4646-B281-3B25EFABE2B8}.Release|Any CPU.Build.0 = Release|Any CPU
		{70FF3D50-8FC8-43F9-AA55-9E22BAF6DEC1}.Debug|Any CPU.ActiveCfg = Debug|Any CPU
		{70FF3D50-8FC8-43F9-AA55-9E22BAF6DEC1}.Debug|Any CPU.Build.0 = Debug|Any CPU
		{70FF3D50-8FC8-43F9-AA55-9E22BAF6DEC1}.Release|Any CPU.ActiveCfg = Release|Any CPU
		{70FF3D50-8FC8-43F9-AA55-9E22BAF6DEC1}.Release|Any CPU.Build.0 = Release|Any CPU
		{CD8363BA-2A31-41E0-8262-B1EEE0C9DB86}.Debug|Any CPU.ActiveCfg = Debug|Any CPU
		{CD8363BA-2A31-41E0-8262-B1EEE0C9DB86}.Debug|Any CPU.Build.0 = Debug|Any CPU
		{CD8363BA-2A31-41E0-8262-B1EEE0C9DB86}.Release|Any CPU.ActiveCfg = Release|Any CPU
		{CD8363BA-2A31-41E0-8262-B1EEE0C9DB86}.Release|Any CPU.Build.0 = Release|Any CPU
		{82E77F60-7C86-4468-9BC3-FE3CDC74087E}.Debug|Any CPU.ActiveCfg = Debug|Any CPU
		{82E77F60-7C86-4468-9BC3-FE3CDC74087E}.Debug|Any CPU.Build.0 = Debug|Any CPU
		{82E77F60-7C86-4468-9BC3-FE3CDC74087E}.Release|Any CPU.ActiveCfg = Release|Any CPU
		{82E77F60-7C86-4468-9BC3-FE3CDC74087E}.Release|Any CPU.Build.0 = Release|Any CPU
		{B26FFC81-BCCF-4532-93F2-EC9A16507462}.Debug|Any CPU.ActiveCfg = Debug|Any CPU
		{B26FFC81-BCCF-4532-93F2-EC9A16507462}.Debug|Any CPU.Build.0 = Debug|Any CPU
		{B26FFC81-BCCF-4532-93F2-EC9A16507462}.Release|Any CPU.ActiveCfg = Release|Any CPU
		{B26FFC81-BCCF-4532-93F2-EC9A16507462}.Release|Any CPU.Build.0 = Release|Any CPU
		{5B3BB2E1-56C1-4CA4-B2DC-F818E478FF8C}.Debug|Any CPU.ActiveCfg = Debug|Any CPU
		{5B3BB2E1-56C1-4CA4-B2DC-F818E478FF8C}.Debug|Any CPU.Build.0 = Debug|Any CPU
		{5B3BB2E1-56C1-4CA4-B2DC-F818E478FF8C}.Release|Any CPU.ActiveCfg = Release|Any CPU
		{5B3BB2E1-56C1-4CA4-B2DC-F818E478FF8C}.Release|Any CPU.Build.0 = Release|Any CPU
		{C411AD7F-54B7-4BF1-A327-ACAFAD693F6A}.Debug|Any CPU.ActiveCfg = Debug|Any CPU
		{C411AD7F-54B7-4BF1-A327-ACAFAD693F6A}.Debug|Any CPU.Build.0 = Debug|Any CPU
		{C411AD7F-54B7-4BF1-A327-ACAFAD693F6A}.Release|Any CPU.ActiveCfg = Release|Any CPU
		{C411AD7F-54B7-4BF1-A327-ACAFAD693F6A}.Release|Any CPU.Build.0 = Release|Any CPU
		{BB1CDEDF-FB1B-4B56-8D32-E5207722F643}.Debug|Any CPU.ActiveCfg = Debug|Any CPU
		{BB1CDEDF-FB1B-4B56-8D32-E5207722F643}.Debug|Any CPU.Build.0 = Debug|Any CPU
		{BB1CDEDF-FB1B-4B56-8D32-E5207722F643}.Release|Any CPU.ActiveCfg = Release|Any CPU
		{BB1CDEDF-FB1B-4B56-8D32-E5207722F643}.Release|Any CPU.Build.0 = Release|Any CPU
		{FC99E03D-7DAB-4409-9A15-7D3618D8BAD9}.Debug|Any CPU.ActiveCfg = Debug|Any CPU
		{FC99E03D-7DAB-4409-9A15-7D3618D8BAD9}.Debug|Any CPU.Build.0 = Debug|Any CPU
		{FC99E03D-7DAB-4409-9A15-7D3618D8BAD9}.Release|Any CPU.ActiveCfg = Release|Any CPU
		{FC99E03D-7DAB-4409-9A15-7D3618D8BAD9}.Release|Any CPU.Build.0 = Release|Any CPU
		{8A5EB88F-28A2-4B7F-B2CF-46F1531E15F7}.Debug|Any CPU.ActiveCfg = Debug|Any CPU
		{8A5EB88F-28A2-4B7F-B2CF-46F1531E15F7}.Debug|Any CPU.Build.0 = Debug|Any CPU
		{8A5EB88F-28A2-4B7F-B2CF-46F1531E15F7}.Release|Any CPU.ActiveCfg = Release|Any CPU
		{8A5EB88F-28A2-4B7F-B2CF-46F1531E15F7}.Release|Any CPU.Build.0 = Release|Any CPU
		{C1EB6E1A-3803-4ED7-9BB6-766FBF037210}.Debug|Any CPU.ActiveCfg = Debug|Any CPU
		{C1EB6E1A-3803-4ED7-9BB6-766FBF037210}.Debug|Any CPU.Build.0 = Debug|Any CPU
		{C1EB6E1A-3803-4ED7-9BB6-766FBF037210}.Release|Any CPU.ActiveCfg = Release|Any CPU
		{C1EB6E1A-3803-4ED7-9BB6-766FBF037210}.Release|Any CPU.Build.0 = Release|Any CPU
		{298BEEC5-70D0-423B-9308-FA453F0950BB}.Debug|Any CPU.ActiveCfg = Debug|Any CPU
		{298BEEC5-70D0-423B-9308-FA453F0950BB}.Debug|Any CPU.Build.0 = Debug|Any CPU
		{298BEEC5-70D0-423B-9308-FA453F0950BB}.Release|Any CPU.ActiveCfg = Release|Any CPU
		{298BEEC5-70D0-423B-9308-FA453F0950BB}.Release|Any CPU.Build.0 = Release|Any CPU
	EndGlobalSection
	GlobalSection(NestedProjects) = preSolution
		{9ED154C6-C14E-4D15-850E-F3570AA45BD8} = {6D76DB58-A0F0-4E1E-8335-232DBE7CA890}
		{4605925E-2CD9-4CB0-AF47-63BB0A0685A6} = {9ED154C6-C14E-4D15-850E-F3570AA45BD8}
		{409A2BB7-A1FF-41FA-893B-DDB0AB018079} = {9ED154C6-C14E-4D15-850E-F3570AA45BD8}
		{5C9B32D8-ECF5-420A-B926-43D50BCF0758} = {9ED154C6-C14E-4D15-850E-F3570AA45BD8}
		{981F0668-8CE2-4D0B-8A12-6A04D22318AC} = {6D76DB58-A0F0-4E1E-8335-232DBE7CA890}
		{77064075-E691-4F6E-9961-7F402BAD4CCF} = {981F0668-8CE2-4D0B-8A12-6A04D22318AC}
		{71181358-F9EE-414C-ABA5-E59F53F31E23} = {77064075-E691-4F6E-9961-7F402BAD4CCF}
		{DC4148AE-B231-40E0-A0B0-A9269791D55E} = {77064075-E691-4F6E-9961-7F402BAD4CCF}
		{1F36252F-9CCE-4181-9545-7D8A70302556} = {77064075-E691-4F6E-9961-7F402BAD4CCF}
		{D104F7EE-FF81-4CD7-8807-571E1A8409B6} = {77064075-E691-4F6E-9961-7F402BAD4CCF}
		{8678D007-7301-4C3B-A3C2-236ED3EB55C7} = {981F0668-8CE2-4D0B-8A12-6A04D22318AC}
		{8A916142-CED3-4B10-922A-A637807F956B} = {8678D007-7301-4C3B-A3C2-236ED3EB55C7}
		{5D60FCA3-A3DA-48A0-8218-AE7734FD0797} = {8678D007-7301-4C3B-A3C2-236ED3EB55C7}
		{CF19775A-E034-4051-896D-7A5FC2F45E35} = {8678D007-7301-4C3B-A3C2-236ED3EB55C7}
		{E796B634-599E-47B5-81C2-1F4444C8AB8A} = {981F0668-8CE2-4D0B-8A12-6A04D22318AC}
		{6A9A781C-4D99-4956-ADF5-D00BE89BE705} = {E796B634-599E-47B5-81C2-1F4444C8AB8A}
		{E19E8D0F-9DC2-40C8-8C1F-3EF828AC0E68} = {E796B634-599E-47B5-81C2-1F4444C8AB8A}
		{4F0B00FF-C2D5-4D9E-9EBC-1990C08D911A} = {E796B634-599E-47B5-81C2-1F4444C8AB8A}
		{550F2C27-0DA9-4E2D-96E4-107B4BE7FDF2} = {E796B634-599E-47B5-81C2-1F4444C8AB8A}
		{E1EBE638-28DB-4614-8CE8-762D2D5586EA} = {6D76DB58-A0F0-4E1E-8335-232DBE7CA890}
		{2F650B47-2501-45DD-B7D0-7404FBBF7AB7} = {E1EBE638-28DB-4614-8CE8-762D2D5586EA}
		{0FA1184A-55A3-4EE7-977E-876AC2106669} = {E1EBE638-28DB-4614-8CE8-762D2D5586EA}
		{68D82144-7BD6-49F8-B747-E815C3CD3D8F} = {DFD64979-71D4-46B5-BF62-217FA110CF39}
		{9894367D-4020-423E-99A2-74569575016E} = {DFD64979-71D4-46B5-BF62-217FA110CF39}
		{67AD5D32-01F2-4485-929B-1F878C484CCE} = {DFD64979-71D4-46B5-BF62-217FA110CF39}
		{B38EFF8F-E857-4409-B4ED-A63944943013} = {DFD64979-71D4-46B5-BF62-217FA110CF39}
		{BC99BAC5-6453-4C89-8825-13CEE0B9167D} = {DFD64979-71D4-46B5-BF62-217FA110CF39}
		{5AE8E4C2-158F-4A33-BEFB-C05A8E3435D7} = {DFD64979-71D4-46B5-BF62-217FA110CF39}
		{574F9D1D-1B48-4DD0-A910-855E84DDCE35} = {DFD64979-71D4-46B5-BF62-217FA110CF39}
		{60C955FC-0E99-4A0C-9B72-32AB61580621} = {8678D007-7301-4C3B-A3C2-236ED3EB55C7}
		{5CBD5AD2-B813-4E23-B7B0-17134171FE54} = {DFD64979-71D4-46B5-BF62-217FA110CF39}
		{BD5BE22C-6D89-402F-B79B-3B9AB8DC74C9} = {DFD64979-71D4-46B5-BF62-217FA110CF39}
		{2B79B509-9398-4AF4-9A25-FD52FE6ABBD2} = {9ED154C6-C14E-4D15-850E-F3570AA45BD8}
		{31A7F46E-D479-430E-A69A-E9ECDE483DC2} = {981F0668-8CE2-4D0B-8A12-6A04D22318AC}
		{CB1D835A-4FFA-49B1-82C4-052777BB04A3} = {31A7F46E-D479-430E-A69A-E9ECDE483DC2}
		{1B608D15-069B-4C35-8847-516B51362DE3} = {DFD64979-71D4-46B5-BF62-217FA110CF39}
		{9B8A27C9-6506-49EF-AAEE-C0C5BC99CD3E} = {31A7F46E-D479-430E-A69A-E9ECDE483DC2}
		{AD4E8C25-C269-4CDC-A482-6933B0FDA254} = {DFD64979-71D4-46B5-BF62-217FA110CF39}
		{D0D5500F-7CAB-4C21-91C6-2AB1547B2A26} = {981F0668-8CE2-4D0B-8A12-6A04D22318AC}
		{906C6D68-31CD-4316-81E3-05E61D6681FC} = {D0D5500F-7CAB-4C21-91C6-2AB1547B2A26}
		{8972B215-BCE6-4F54-93C4-B481B483638D} = {DFD64979-71D4-46B5-BF62-217FA110CF39}
		{96AAD743-5513-496B-85B7-AF8C891AFDCF} = {D0D5500F-7CAB-4C21-91C6-2AB1547B2A26}
		{62E9BEED-16C7-4817-A315-CF2B7921A61E} = {DFD64979-71D4-46B5-BF62-217FA110CF39}
		{587695F8-2F89-4012-BFCA-3E175C9109D3} = {981F0668-8CE2-4D0B-8A12-6A04D22318AC}
		{FC00F9FA-13F7-47D1-B432-40707B493A99} = {587695F8-2F89-4012-BFCA-3E175C9109D3}
		{143DA713-FA79-4A62-A8AA-A22F109B7E5F} = {DFD64979-71D4-46B5-BF62-217FA110CF39}
		{6C05375B-C319-4C00-9607-50BF071CC9A8} = {587695F8-2F89-4012-BFCA-3E175C9109D3}
		{D0556F97-924E-40DA-89CD-969E2A69C2CE} = {DFD64979-71D4-46B5-BF62-217FA110CF39}
		{62DE8E8B-5335-4646-B281-3B25EFABE2B8} = {9ED154C6-C14E-4D15-850E-F3570AA45BD8}
		{70FF3D50-8FC8-43F9-AA55-9E22BAF6DEC1} = {DFD64979-71D4-46B5-BF62-217FA110CF39}
		{9F5153EB-867C-42EC-B99B-D5D42188ED27} = {DD50C71F-D4D1-44BB-921E-2EB1F4E6252A}
		{CD8363BA-2A31-41E0-8262-B1EEE0C9DB86} = {9F5153EB-867C-42EC-B99B-D5D42188ED27}
		{82E77F60-7C86-4468-9BC3-FE3CDC74087E} = {DFD64979-71D4-46B5-BF62-217FA110CF39}
		{B26FFC81-BCCF-4532-93F2-EC9A16507462} = {9F5153EB-867C-42EC-B99B-D5D42188ED27}
		{5B3BB2E1-56C1-4CA4-B2DC-F818E478FF8C} = {9F5153EB-867C-42EC-B99B-D5D42188ED27}
		{C411AD7F-54B7-4BF1-A327-ACAFAD693F6A} = {DFD64979-71D4-46B5-BF62-217FA110CF39}
		{CC9DEF4C-A1C9-40B7-BB3D-33FD9286C514} = {DD50C71F-D4D1-44BB-921E-2EB1F4E6252A}
		{BB1CDEDF-FB1B-4B56-8D32-E5207722F643} = {CC9DEF4C-A1C9-40B7-BB3D-33FD9286C514}
		{FC99E03D-7DAB-4409-9A15-7D3618D8BAD9} = {DFD64979-71D4-46B5-BF62-217FA110CF39}
		{8A5EB88F-28A2-4B7F-B2CF-46F1531E15F7} = {CC9DEF4C-A1C9-40B7-BB3D-33FD9286C514}
		{C1EB6E1A-3803-4ED7-9BB6-766FBF037210} = {CC9DEF4C-A1C9-40B7-BB3D-33FD9286C514}
		{298BEEC5-70D0-423B-9308-FA453F0950BB} = {DFD64979-71D4-46B5-BF62-217FA110CF39}
	EndGlobalSection
EndGlobal
