
Microsoft Visual Studio Solution File, Format Version 12.00
# Visual Studio Version 17
VisualStudioVersion = 17.0.31903.59
MinimumVisualStudioVersion = 10.0.40219.1
Project("{2150E333-8FDC-42A3-9474-1A3956D46DE8}") = "src", "src", "{6D76DB58-A0F0-4E1E-8335-232DBE7CA890}"
EndProject
Project("{2150E333-8FDC-42A3-9474-1A3956D46DE8}") = "BuildingBlocks", "BuildingBlocks", "{9ED154C6-C14E-4D15-850E-F3570AA45BD8}"
EndProject
Project("{FAE04EC0-301F-11D3-BF4B-00C04F79EFBC}") = "Nexus1.BuildingBlocks.Application", "src\BuildingBlocks\Nexus1.BuildingBlocks.Application\Nexus1.BuildingBlocks.Application.csproj", "{4605925E-2CD9-4CB0-AF47-63BB0A0685A6}"
EndProject
Project("{FAE04EC0-301F-11D3-BF4B-00C04F79EFBC}") = "Nexus1.BuildingBlocks.Domain", "src\BuildingBlocks\Nexus1.BuildingBlocks.Domain\Nexus1.BuildingBlocks.Domain.csproj", "{409A2BB7-A1FF-41FA-893B-DDB0AB018079}"
EndProject
Project("{FAE04EC0-301F-11D3-BF4B-00C04F79EFBC}") = "Nexus1.ServiceDefaults", "src\BuildingBlocks\Nexus1.ServiceDefaults\Nexus1.ServiceDefaults.csproj", "{5C9B32D8-ECF5-420A-B926-43D50BCF0758}"
EndProject
Project("{2150E333-8FDC-42A3-9474-1A3956D46DE8}") = "Contexts", "Contexts", "{981F0668-8CE2-4D0B-8A12-6A04D22318AC}"
EndProject
Project("{2150E333-8FDC-42A3-9474-1A3956D46DE8}") = "AlarmManagement", "AlarmManagement", "{77064075-E691-4F6E-9961-7F402BAD4CCF}"
EndProject
Project("{FAE04EC0-301F-11D3-BF4B-00C04F79EFBC}") = "Nexus1.AlarmManagement.Application", "src\Contexts\AlarmManagement\Nexus1.AlarmManagement.Application\Nexus1.AlarmManagement.Application.csproj", "{71181358-F9EE-414C-ABA5-E59F53F31E23}"
EndProject
Project("{FAE04EC0-301F-11D3-BF4B-00C04F79EFBC}") = "Nexus1.AlarmManagement.Domain", "src\Contexts\AlarmManagement\Nexus1.AlarmManagement.Domain\Nexus1.AlarmManagement.Domain.csproj", "{DC4148AE-B231-40E0-A0B0-A9269791D55E}"
EndProject
Project("{FAE04EC0-301F-11D3-BF4B-00C04F79EFBC}") = "Nexus1.AlarmManagement.Infrastructure", "src\Contexts\AlarmManagement\Nexus1.AlarmManagement.Infrastructure\Nexus1.AlarmManagement.Infrastructure.csproj", "{1F36252F-9CCE-4181-9545-7D8A70302556}"
EndProject
Project("{FAE04EC0-301F-11D3-BF4B-00C04F79EFBC}") = "Nexus1.Contracts.AlarmManagement", "src\Contexts\AlarmManagement\Nexus1.Contracts.AlarmManagement\Nexus1.Contracts.AlarmManagement.csproj", "{D104F7EE-FF81-4CD7-8807-571E1A8409B6}"
EndProject
Project("{2150E333-8FDC-42A3-9474-1A3956D46DE8}") = "ReactorFleet", "ReactorFleet", "{8678D007-7301-4C3B-A3C2-236ED3EB55C7}"
EndProject
Project("{FAE04EC0-301F-11D3-BF4B-00C04F79EFBC}") = "Nexus1.ReactorFleet.Application", "src\Contexts\ReactorFleet\Nexus1.ReactorFleet.Application\Nexus1.ReactorFleet.Application.csproj", "{8A916142-CED3-4B10-922A-A637807F956B}"
EndProject
Project("{FAE04EC0-301F-11D3-BF4B-00C04F79EFBC}") = "Nexus1.ReactorFleet.Domain", "src\Contexts\ReactorFleet\Nexus1.ReactorFleet.Domain\Nexus1.ReactorFleet.Domain.csproj", "{5D60FCA3-A3DA-48A0-8218-AE7734FD0797}"
EndProject
Project("{FAE04EC0-301F-11D3-BF4B-00C04F79EFBC}") = "Nexus1.ReactorFleet.Infrastructure", "src\Contexts\ReactorFleet\Nexus1.ReactorFleet.Infrastructure\Nexus1.ReactorFleet.Infrastructure.csproj", "{CF19775A-E034-4051-896D-7A5FC2F45E35}"
EndProject
Project("{2150E333-8FDC-42A3-9474-1A3956D46DE8}") = "RootCause", "RootCause", "{E796B634-599E-47B5-81C2-1F4444C8AB8A}"
EndProject
Project("{FAE04EC0-301F-11D3-BF4B-00C04F79EFBC}") = "Nexus1.Contracts.RootCause", "src\Contexts\RootCause\Nexus1.Contracts.RootCause\Nexus1.Contracts.RootCause.csproj", "{6A9A781C-4D99-4956-ADF5-D00BE89BE705}"
EndProject
Project("{FAE04EC0-301F-11D3-BF4B-00C04F79EFBC}") = "Nexus1.RootCause.Application", "src\Contexts\RootCause\Nexus1.RootCause.Application\Nexus1.RootCause.Application.csproj", "{E19E8D0F-9DC2-40C8-8C1F-3EF828AC0E68}"
EndProject
Project("{FAE04EC0-301F-11D3-BF4B-00C04F79EFBC}") = "Nexus1.RootCause.Domain", "src\Contexts\RootCause\Nexus1.RootCause.Domain\Nexus1.RootCause.Domain.csproj", "{4F0B00FF-C2D5-4D9E-9EBC-1990C08D911A}"
EndProject
Project("{FAE04EC0-301F-11D3-BF4B-00C04F79EFBC}") = "Nexus1.RootCause.Infrastructure", "src\Contexts\RootCause\Nexus1.RootCause.Infrastructure\Nexus1.RootCause.Infrastructure.csproj", "{550F2C27-0DA9-4E2D-96E4-107B4BE7FDF2}"
EndProject
Project("{2150E333-8FDC-42A3-9474-1A3956D46DE8}") = "Hosts", "Hosts", "{E1EBE638-28DB-4614-8CE8-762D2D5586EA}"
EndProject
Project("{FAE04EC0-301F-11D3-BF4B-00C04F79EFBC}") = "Nexus1.ModularRuntime", "src\Hosts\Nexus1.ModularRuntime\Nexus1.ModularRuntime.csproj", "{2F650B47-2501-45DD-B7D0-7404FBBF7AB7}"
EndProject
Project("{FAE04EC0-301F-11D3-BF4B-00C04F79EFBC}") = "Nexus1.RootCause.Host", "src\Hosts\Nexus1.RootCause.Host\Nexus1.RootCause.Host.csproj", "{0FA1184A-55A3-4EE7-977E-876AC2106669}"
EndProject
Project("{2150E333-8FDC-42A3-9474-1A3956D46DE8}") = "tests", "tests", "{DFD64979-71D4-46B5-BF62-217FA110CF39}"
EndProject
Project("{FAE04EC0-301F-11D3-BF4B-00C04F79EFBC}") = "Nexus1.AlarmManagement.UnitTests", "tests\Nexus1.AlarmManagement.UnitTests\Nexus1.AlarmManagement.UnitTests.csproj", "{68D82144-7BD6-49F8-B747-E815C3CD3D8F}"
EndProject
Project("{FAE04EC0-301F-11D3-BF4B-00C04F79EFBC}") = "Nexus1.ArchitectureTests", "tests\Nexus1.ArchitectureTests\Nexus1.ArchitectureTests.csproj", "{9894367D-4020-423E-99A2-74569575016E}"
EndProject
Project("{FAE04EC0-301F-11D3-BF4B-00C04F79EFBC}") = "Nexus1.Contracts.ContractTests", "tests\Nexus1.Contracts.ContractTests\Nexus1.Contracts.ContractTests.csproj", "{67AD5D32-01F2-4485-929B-1F878C484CCE}"
EndProject
Project("{FAE04EC0-301F-11D3-BF4B-00C04F79EFBC}") = "Nexus1.DistributedSlice.EndToEndTests", "tests\Nexus1.DistributedSlice.EndToEndTests\Nexus1.DistributedSlice.EndToEndTests.csproj", "{B38EFF8F-E857-4409-B4ED-A63944943013}"
EndProject
Project("{FAE04EC0-301F-11D3-BF4B-00C04F79EFBC}") = "Nexus1.ReactorFleet.UnitTests", "tests\Nexus1.ReactorFleet.UnitTests\Nexus1.ReactorFleet.UnitTests.csproj", "{BC99BAC5-6453-4C89-8825-13CEE0B9167D}"
EndProject
Project("{FAE04EC0-301F-11D3-BF4B-00C04F79EFBC}") = "Nexus1.RootCause.ComponentTests", "tests\Nexus1.RootCause.ComponentTests\Nexus1.RootCause.ComponentTests.csproj", "{5AE8E4C2-158F-4A33-BEFB-C05A8E3435D7}"
EndProject
Project("{FAE04EC0-301F-11D3-BF4B-00C04F79EFBC}") = "Nexus1.RootCause.UnitTests", "tests\Nexus1.RootCause.UnitTests\Nexus1.RootCause.UnitTests.csproj", "{574F9D1D-1B48-4DD0-A910-855E84DDCE35}"
EndProject
Project("{FAE04EC0-301F-11D3-BF4B-00C04F79EFBC}") = "Nexus1.Contracts.ReactorFleet", "src\Contexts\ReactorFleet\Nexus1.Contracts.ReactorFleet\Nexus1.Contracts.ReactorFleet.csproj", "{60C955FC-0E99-4A0C-9B72-32AB61580621}"
EndProject
Project("{FAE04EC0-301F-11D3-BF4B-00C04F79EFBC}") = "Nexus1.ReactorFleet.ComponentTests", "tests\Nexus1.ReactorFleet.ComponentTests\Nexus1.ReactorFleet.ComponentTests.csproj", "{5CBD5AD2-B813-4E23-B7B0-17134171FE54}"
EndProject
Project("{FAE04EC0-301F-11D3-BF4B-00C04F79EFBC}") = "Nexus1.AlarmManagement.ComponentTests", "tests\Nexus1.AlarmManagement.ComponentTests\Nexus1.AlarmManagement.ComponentTests.csproj", "{BD5BE22C-6D89-402F-B79B-3B9AB8DC74C9}"
EndProject
Project("{FAE04EC0-301F-11D3-BF4B-00C04F79EFBC}") = "Nexus1.BuildingBlocks.Messaging", "src\BuildingBlocks\Nexus1.BuildingBlocks.Messaging\Nexus1.BuildingBlocks.Messaging.csproj", "{2B79B509-9398-4AF4-9A25-FD52FE6ABBD2}"
EndProject
Global
	GlobalSection(SolutionConfigurationPlatforms) = preSolution
		Debug|Any CPU = Debug|Any CPU
		Release|Any CPU = Release|Any CPU
	EndGlobalSection
	GlobalSection(SolutionProperties) = preSolution
		HideSolutionNode = FALSE
	EndGlobalSection
	GlobalSection(ProjectConfigurationPlatforms) = postSolution
		{4605925E-2CD9-4CB0-AF47-63BB0A0685A6}.Debug|Any CPU.ActiveCfg = Debug|Any CPU
		{4605925E-2CD9-4CB0-AF47-63BB0A0685A6}.Debug|Any CPU.Build.0 = Debug|Any CPU
		{4605925E-2CD9-4CB0-AF47-63BB0A0685A6}.Release|Any CPU.ActiveCfg = Release|Any CPU
		{4605925E-2CD9-4CB0-AF47-63BB0A0685A6}.Release|Any CPU.Build.0 = Release|Any CPU
		{409A2BB7-A1FF-41FA-893B-DDB0AB018079}.Debug|Any CPU.ActiveCfg = Debug|Any CPU
		{409A2BB7-A1FF-41FA-893B-DDB0AB018079}.Debug|Any CPU.Build.0 = Debug|Any CPU
		{409A2BB7-A1FF-41FA-893B-DDB0AB018079}.Release|Any CPU.ActiveCfg = Release|Any CPU
		{409A2BB7-A1FF-41FA-893B-DDB0AB018079}.Release|Any CPU.Build.0 = Release|Any CPU
		{5C9B32D8-ECF5-420A-B926-43D50BCF0758}.Debug|Any CPU.ActiveCfg = Debug|Any CPU
		{5C9B32D8-ECF5-420A-B926-43D50BCF0758}.Debug|Any CPU.Build.0 = Debug|Any CPU
		{5C9B32D8-ECF5-420A-B926-43D50BCF0758}.Release|Any CPU.ActiveCfg = Release|Any CPU
		{5C9B32D8-ECF5-420A-B926-43D50BCF0758}.Release|Any CPU.Build.0 = Release|Any CPU
		{71181358-F9EE-414C-ABA5-E59F53F31E23}.Debug|Any CPU.ActiveCfg = Debug|Any CPU
		{71181358-F9EE-414C-ABA5-E59F53F31E23}.Debug|Any CPU.Build.0 = Debug|Any CPU
		{71181358-F9EE-414C-ABA5-E59F53F31E23}.Release|Any CPU.ActiveCfg = Release|Any CPU
		{71181358-F9EE-414C-ABA5-E59F53F31E23}.Release|Any CPU.Build.0 = Release|Any CPU
		{DC4148AE-B231-40E0-A0B0-A9269791D55E}.Debug|Any CPU.ActiveCfg = Debug|Any CPU
		{DC4148AE-B231-40E0-A0B0-A9269791D55E}.Debug|Any CPU.Build.0 = Debug|Any CPU
		{DC4148AE-B231-40E0-A0B0-A9269791D55E}.Release|Any CPU.ActiveCfg = Release|Any CPU
		{DC4148AE-B231-40E0-A0B0-A9269791D55E}.Release|Any CPU.Build.0 = Release|Any CPU
		{1F36252F-9CCE-4181-9545-7D8A70302556}.Debug|Any CPU.ActiveCfg = Debug|Any CPU
		{1F36252F-9CCE-4181-9545-7D8A70302556}.Debug|Any CPU.Build.0 = Debug|Any CPU
		{1F36252F-9CCE-4181-9545-7D8A70302556}.Release|Any CPU.ActiveCfg = Release|Any CPU
		{1F36252F-9CCE-4181-9545-7D8A70302556}.Release|Any CPU.Build.0 = Release|Any CPU
		{D104F7EE-FF81-4CD7-8807-571E1A8409B6}.Debug|Any CPU.ActiveCfg = Debug|Any CPU
		{D104F7EE-FF81-4CD7-8807-571E1A8409B6}.Debug|Any CPU.Build.0 = Debug|Any CPU
		{D104F7EE-FF81-4CD7-8807-571E1A8409B6}.Release|Any CPU.ActiveCfg = Release|Any CPU
		{D104F7EE-FF81-4CD7-8807-571E1A8409B6}.Release|Any CPU.Build.0 = Release|Any CPU
		{8A916142-CED3-4B10-922A-A637807F956B}.Debug|Any CPU.ActiveCfg = Debug|Any CPU
		{8A916142-CED3-4B10-922A-A637807F956B}.Debug|Any CPU.Build.0 = Debug|Any CPU
		{8A916142-CED3-4B10-922A-A637807F956B}.Release|Any CPU.ActiveCfg = Release|Any CPU
		{8A916142-CED3-4B10-922A-A637807F956B}.Release|Any CPU.Build.0 = Release|Any CPU
		{5D60FCA3-A3DA-48A0-8218-AE7734FD0797}.Debug|Any CPU.ActiveCfg = Debug|Any CPU
		{5D60FCA3-A3DA-48A0-8218-AE7734FD0797}.Debug|Any CPU.Build.0 = Debug|Any CPU
		{5D60FCA3-A3DA-48A0-8218-AE7734FD0797}.Release|Any CPU.ActiveCfg = Release|Any CPU
		{5D60FCA3-A3DA-48A0-8218-AE7734FD0797}.Release|Any CPU.Build.0 = Release|Any CPU
		{CF19775A-E034-4051-896D-7A5FC2F45E35}.Debug|Any CPU.ActiveCfg = Debug|Any CPU
		{CF19775A-E034-4051-896D-7A5FC2F45E35}.Debug|Any CPU.Build.0 = Debug|Any CPU
		{CF19775A-E034-4051-896D-7A5FC2F45E35}.Release|Any CPU.ActiveCfg = Release|Any CPU
		{CF19775A-E034-4051-896D-7A5FC2F45E35}.Release|Any CPU.Build.0 = Release|Any CPU
		{6A9A781C-4D99-4956-ADF5-D00BE89BE705}.Debug|Any CPU.ActiveCfg = Debug|Any CPU
		{6A9A781C-4D99-4956-ADF5-D00BE89BE705}.Debug|Any CPU.Build.0 = Debug|Any CPU
		{6A9A781C-4D99-4956-ADF5-D00BE89BE705}.Release|Any CPU.ActiveCfg = Release|Any CPU
		{6A9A781C-4D99-4956-ADF5-D00BE89BE705}.Release|Any CPU.Build.0 = Release|Any CPU
		{E19E8D0F-9DC2-40C8-8C1F-3EF828AC0E68}.Debug|Any CPU.ActiveCfg = Debug|Any CPU
		{E19E8D0F-9DC2-40C8-8C1F-3EF828AC0E68}.Debug|Any CPU.Build.0 = Debug|Any CPU
		{E19E8D0F-9DC2-40C8-8C1F-3EF828AC0E68}.Release|Any CPU.ActiveCfg = Release|Any CPU
		{E19E8D0F-9DC2-40C8-8C1F-3EF828AC0E68}.Release|Any CPU.Build.0 = Release|Any CPU
		{4F0B00FF-C2D5-4D9E-9EBC-1990C08D911A}.Debug|Any CPU.ActiveCfg = Debug|Any CPU
		{4F0B00FF-C2D5-4D9E-9EBC-1990C08D911A}.Debug|Any CPU.Build.0 = Debug|Any CPU
		{4F0B00FF-C2D5-4D9E-9EBC-1990C08D911A}.Release|Any CPU.ActiveCfg = Release|Any CPU
		{4F0B00FF-C2D5-4D9E-9EBC-1990C08D911A}.Release|Any CPU.Build.0 = Release|Any CPU
		{550F2C27-0DA9-4E2D-96E4-107B4BE7FDF2}.Debug|Any CPU.ActiveCfg = Debug|Any CPU
		{550F2C27-0DA9-4E2D-96E4-107B4BE7FDF2}.Debug|Any CPU.Build.0 = Debug|Any CPU
		{550F2C27-0DA9-4E2D-96E4-107B4BE7FDF2}.Release|Any CPU.ActiveCfg = Release|Any CPU
		{550F2C27-0DA9-4E2D-96E4-107B4BE7FDF2}.Release|Any CPU.Build.0 = Release|Any CPU
		{2F650B47-2501-45DD-B7D0-7404FBBF7AB7}.Debug|Any CPU.ActiveCfg = Debug|Any CPU
		{2F650B47-2501-45DD-B7D0-7404FBBF7AB7}.Debug|Any CPU.Build.0 = Debug|Any CPU
		{2F650B47-2501-45DD-B7D0-7404FBBF7AB7}.Release|Any CPU.ActiveCfg = Release|Any CPU
		{2F650B47-2501-45DD-B7D0-7404FBBF7AB7}.Release|Any CPU.Build.0 = Release|Any CPU
		{0FA1184A-55A3-4EE7-977E-876AC2106669}.Debug|Any CPU.ActiveCfg = Debug|Any CPU
		{0FA1184A-55A3-4EE7-977E-876AC2106669}.Debug|Any CPU.Build.0 = Debug|Any CPU
		{0FA1184A-55A3-4EE7-977E-876AC2106669}.Release|Any CPU.ActiveCfg = Release|Any CPU
		{0FA1184A-55A3-4EE7-977E-876AC2106669}.Release|Any CPU.Build.0 = Release|Any CPU
		{68D82144-7BD6-49F8-B747-E815C3CD3D8F}.Debug|Any CPU.ActiveCfg = Debug|Any CPU
		{68D82144-7BD6-49F8-B747-E815C3CD3D8F}.Debug|Any CPU.Build.0 = Debug|Any CPU
		{68D82144-7BD6-49F8-B747-E815C3CD3D8F}.Release|Any CPU.ActiveCfg = Release|Any CPU
		{68D82144-7BD6-49F8-B747-E815C3CD3D8F}.Release|Any CPU.Build.0 = Release|Any CPU
		{9894367D-4020-423E-99A2-74569575016E}.Debug|Any CPU.ActiveCfg = Debug|Any CPU
		{9894367D-4020-423E-99A2-74569575016E}.Debug|Any CPU.Build.0 = Debug|Any CPU
		{9894367D-4020-423E-99A2-74569575016E}.Release|Any CPU.ActiveCfg = Release|Any CPU
		{9894367D-4020-423E-99A2-74569575016E}.Release|Any CPU.Build.0 = Release|Any CPU
		{67AD5D32-01F2-4485-929B-1F878C484CCE}.Debug|Any CPU.ActiveCfg = Debug|Any CPU
		{67AD5D32-01F2-4485-929B-1F878C484CCE}.Debug|Any CPU.Build.0 = Debug|Any CPU
		{67AD5D32-01F2-4485-929B-1F878C484CCE}.Release|Any CPU.ActiveCfg = Release|Any CPU
		{67AD5D32-01F2-4485-929B-1F878C484CCE}.Release|Any CPU.Build.0 = Release|Any CPU
		{B38EFF8F-E857-4409-B4ED-A63944943013}.Debug|Any CPU.ActiveCfg = Debug|Any CPU
		{B38EFF8F-E857-4409-B4ED-A63944943013}.Debug|Any CPU.Build.0 = Debug|Any CPU
		{B38EFF8F-E857-4409-B4ED-A63944943013}.Release|Any CPU.ActiveCfg = Release|Any CPU
		{B38EFF8F-E857-4409-B4ED-A63944943013}.Release|Any CPU.Build.0 = Release|Any CPU
		{BC99BAC5-6453-4C89-8825-13CEE0B9167D}.Debug|Any CPU.ActiveCfg = Debug|Any CPU
		{BC99BAC5-6453-4C89-8825-13CEE0B9167D}.Debug|Any CPU.Build.0 = Debug|Any CPU
		{BC99BAC5-6453-4C89-8825-13CEE0B9167D}.Release|Any CPU.ActiveCfg = Release|Any CPU
		{BC99BAC5-6453-4C89-8825-13CEE0B9167D}.Release|Any CPU.Build.0 = Release|Any CPU
		{5AE8E4C2-158F-4A33-BEFB-C05A8E3435D7}.Debug|Any CPU.ActiveCfg = Debug|Any CPU
		{5AE8E4C2-158F-4A33-BEFB-C05A8E3435D7}.Debug|Any CPU.Build.0 = Debug|Any CPU
		{5AE8E4C2-158F-4A33-BEFB-C05A8E3435D7}.Release|Any CPU.ActiveCfg = Release|Any CPU
		{5AE8E4C2-158F-4A33-BEFB-C05A8E3435D7}.Release|Any CPU.Build.0 = Release|Any CPU
		{574F9D1D-1B48-4DD0-A910-855E84DDCE35}.Debug|Any CPU.ActiveCfg = Debug|Any CPU
		{574F9D1D-1B48-4DD0-A910-855E84DDCE35}.Debug|Any CPU.Build.0 = Debug|Any CPU
		{574F9D1D-1B48-4DD0-A910-855E84DDCE35}.Release|Any CPU.ActiveCfg = Release|Any CPU
		{574F9D1D-1B48-4DD0-A910-855E84DDCE35}.Release|Any CPU.Build.0 = Release|Any CPU
		{60C955FC-0E99-4A0C-9B72-32AB61580621}.Debug|Any CPU.ActiveCfg = Debug|Any CPU
		{60C955FC-0E99-4A0C-9B72-32AB61580621}.Debug|Any CPU.Build.0 = Debug|Any CPU
		{60C955FC-0E99-4A0C-9B72-32AB61580621}.Release|Any CPU.ActiveCfg = Release|Any CPU
		{60C955FC-0E99-4A0C-9B72-32AB61580621}.Release|Any CPU.Build.0 = Release|Any CPU
		{5CBD5AD2-B813-4E23-B7B0-17134171FE54}.Debug|Any CPU.ActiveCfg = Debug|Any CPU
		{5CBD5AD2-B813-4E23-B7B0-17134171FE54}.Debug|Any CPU.Build.0 = Debug|Any CPU
		{5CBD5AD2-B813-4E23-B7B0-17134171FE54}.Release|Any CPU.ActiveCfg = Release|Any CPU
		{5CBD5AD2-B813-4E23-B7B0-17134171FE54}.Release|Any CPU.Build.0 = Release|Any CPU
		{BD5BE22C-6D89-402F-B79B-3B9AB8DC74C9}.Debug|Any CPU.ActiveCfg = Debug|Any CPU
		{BD5BE22C-6D89-402F-B79B-3B9AB8DC74C9}.Debug|Any CPU.Build.0 = Debug|Any CPU
		{BD5BE22C-6D89-402F-B79B-3B9AB8DC74C9}.Release|Any CPU.ActiveCfg = Release|Any CPU
		{BD5BE22C-6D89-402F-B79B-3B9AB8DC74C9}.Release|Any CPU.Build.0 = Release|Any CPU
		{2B79B509-9398-4AF4-9A25-FD52FE6ABBD2}.Debug|Any CPU.ActiveCfg = Debug|Any CPU
		{2B79B509-9398-4AF4-9A25-FD52FE6ABBD2}.Debug|Any CPU.Build.0 = Debug|Any CPU
		{2B79B509-9398-4AF4-9A25-FD52FE6ABBD2}.Release|Any CPU.ActiveCfg = Release|Any CPU
		{2B79B509-9398-4AF4-9A25-FD52FE6ABBD2}.Release|Any CPU.Build.0 = Release|Any CPU
	EndGlobalSection
	GlobalSection(NestedProjects) = preSolution
		{9ED154C6-C14E-4D15-850E-F3570AA45BD8} = {6D76DB58-A0F0-4E1E-8335-232DBE7CA890}
		{4605925E-2CD9-4CB0-AF47-63BB0A0685A6} = {9ED154C6-C14E-4D15-850E-F3570AA45BD8}
		{409A2BB7-A1FF-41FA-893B-DDB0AB018079} = {9ED154C6-C14E-4D15-850E-F3570AA45BD8}
		{5C9B32D8-ECF5-420A-B926-43D50BCF0758} = {9ED154C6-C14E-4D15-850E-F3570AA45BD8}
		{981F0668-8CE2-4D0B-8A12-6A04D22318AC} = {6D76DB58-A0F0-4E1E-8335-232DBE7CA890}
		{77064075-E691-4F6E-9961-7F402BAD4CCF} = {981F0668-8CE2-4D0B-8A12-6A04D22318AC}
		{71181358-F9EE-414C-ABA5-E59F53F31E23} = {77064075-E691-4F6E-9961-7F402BAD4CCF}
		{DC4148AE-B231-40E0-A0B0-A9269791D55E} = {77064075-E691-4F6E-9961-7F402BAD4CCF}
		{1F36252F-9CCE-4181-9545-7D8A70302556} = {77064075-E691-4F6E-9961-7F402BAD4CCF}
		{D104F7EE-FF81-4CD7-8807-571E1A8409B6} = {77064075-E691-4F6E-9961-7F402BAD4CCF}
		{8678D007-7301-4C3B-A3C2-236ED3EB55C7} = {981F0668-8CE2-4D0B-8A12-6A04D22318AC}
		{8A916142-CED3-4B10-922A-A637807F956B} = {8678D007-7301-4C3B-A3C2-236ED3EB55C7}
		{5D60FCA3-A3DA-48A0-8218-AE7734FD0797} = {8678D007-7301-4C3B-A3C2-236ED3EB55C7}
		{CF19775A-E034-4051-896D-7A5FC2F45E35} = {8678D007-7301-4C3B-A3C2-236ED3EB55C7}
		{E796B634-599E-47B5-81C2-1F4444C8AB8A} = {981F0668-8CE2-4D0B-8A12-6A04D22318AC}
		{6A9A781C-4D99-4956-ADF5-D00BE89BE705} = {E796B634-599E-47B5-81C2-1F4444C8AB8A}
		{E19E8D0F-9DC2-40C8-8C1F-3EF828AC0E68} = {E796B634-599E-47B5-81C2-1F4444C8AB8A}
		{4F0B00FF-C2D5-4D9E-9EBC-1990C08D911A} = {E796B634-599E-47B5-81C2-1F4444C8AB8A}
		{550F2C27-0DA9-4E2D-96E4-107B4BE7FDF2} = {E796B634-599E-47B5-81C2-1F4444C8AB8A}
		{E1EBE638-28DB-4614-8CE8-762D2D5586EA} = {6D76DB58-A0F0-4E1E-8335-232DBE7CA890}
		{2F650B47-2501-45DD-B7D0-7404FBBF7AB7} = {E1EBE638-28DB-4614-8CE8-762D2D5586EA}
		{0FA1184A-55A3-4EE7-977E-876AC2106669} = {E1EBE638-28DB-4614-8CE8-762D2D5586EA}
		{68D82144-7BD6-49F8-B747-E815C3CD3D8F} = {DFD64979-71D4-46B5-BF62-217FA110CF39}
		{9894367D-4020-423E-99A2-74569575016E} = {DFD64979-71D4-46B5-BF62-217FA110CF39}
		{67AD5D32-01F2-4485-929B-1F878C484CCE} = {DFD64979-71D4-46B5-BF62-217FA110CF39}
		{B38EFF8F-E857-4409-B4ED-A63944943013} = {DFD64979-71D4-46B5-BF62-217FA110CF39}
		{BC99BAC5-6453-4C89-8825-13CEE0B9167D} = {DFD64979-71D4-46B5-BF62-217FA110CF39}
		{5AE8E4C2-158F-4A33-BEFB-C05A8E3435D7} = {DFD64979-71D4-46B5-BF62-217FA110CF39}
		{574F9D1D-1B48-4DD0-A910-855E84DDCE35} = {DFD64979-71D4-46B5-BF62-217FA110CF39}
		{60C955FC-0E99-4A0C-9B72-32AB61580621} = {8678D007-7301-4C3B-A3C2-236ED3EB55C7}
		{5CBD5AD2-B813-4E23-B7B0-17134171FE54} = {DFD64979-71D4-46B5-BF62-217FA110CF39}
		{BD5BE22C-6D89-402F-B79B-3B9AB8DC74C9} = {DFD64979-71D4-46B5-BF62-217FA110CF39}
		{2B79B509-9398-4AF4-9A25-FD52FE6ABBD2} = {9ED154C6-C14E-4D15-850E-F3570AA45BD8}
	EndGlobalSection
EndGlobal
